<?xml version="1.0" encoding="utf-8"?>
<Project ToolsVersion="4.0" xmlns="http://schemas.microsoft.com/developer/msbuild/2003">
  <ItemGroup>
    <Filter Include="Source Files">
      <UniqueIdentifier>{4FC737F1-C7A5-4376-A066-2A32D752A2FF}</UniqueIdentifier>
      <Extensions>cpp;c;cc;cxx;def;odl;idl;hpj;bat;asm;asmx</Extensions>
    </Filter>
    <Filter Include="Header Files">
      <UniqueIdentifier>{93995380-89BD-4b04-88EB-625FBE52EBFB}</UniqueIdentifier>
      <Extensions>h;hh;hpp;hxx;hm;inl;inc;xsd</Extensions>
    </Filter>
    <Filter Include="Resource Files">
      <UniqueIdentifier>{D9D6E242-F8AF-46E4-B9FD-80ECBC20BA3E}</UniqueIdentifier>
      <Extensions>qrc;*</Extensions>
      <ParseFiles>false</ParseFiles>
    </Filter>
    <Filter Include="Form Files">
      <UniqueIdentifier>{99349809-55BA-4b9d-BF79-8FDBB0286EB3}</UniqueIdentifier>
      <Extensions>ui</Extensions>
    </Filter>
    <Filter Include="Resource Files">
      <UniqueIdentifier>{D9D6E242-F8AF-46E4-B9FD-80ECBC20BA3E}</UniqueIdentifier>
      <Extensions>qrc;*</Extensions>
      <ParseFiles>false</ParseFiles>
    </Filter>
    <Filter Include="Generated Files">
      <UniqueIdentifier>{71ED8ED8-ACB9-4CE9-BBE1-E00B30144E11}</UniqueIdentifier>
      <Extensions>moc;h;cpp</Extensions>
      <SourceControlFiles>False</SourceControlFiles>
    </Filter>
  </ItemGroup>
  <ItemGroup>
    <ClCompile Include="main.cpp">
      <Filter>Source Files</Filter>
    </ClCompile>
    <ClCompile Include="TongueQT.cpp">
      <Filter>Source Files</Filter>
    </ClCompile>
    <ClCompile Include="src\ColorTable\Colortable.cpp">
      <Filter>Source Files</Filter>
    </ClCompile>
    <ClCompile Include="src\cubature\CubatureDataSet.cpp">
      <Filter>Source Files</Filter>
    </ClCompile>
    <ClCompile Include="src\cubature\CubatureDomainPartition.cpp">
      <Filter>Source Files</Filter>
    </ClCompile>
    <ClCompile Include="src\cubature\CubatureModel.cpp">
      <Filter>Source Files</Filter>
    </ClCompile>
    <ClCompile Include="src\cubature\CubatureOnePartition.cpp">
      <Filter>Source Files</Filter>
    </ClCompile>
    <ClCompile Include="src\cubature\CubaturePartition.cpp">
      <Filter>Source Files</Filter>
    </ClCompile>
    <ClCompile Include="src\cubature\CubatureTraining.cpp">
      <Filter>Source Files</Filter>
    </ClCompile>
    <ClCompile Include="src\cubature\ReducedCubatureDataSet.cpp">
      <Filter>Source Files</Filter>
    </ClCompile>
    <ClCompile Include="src\cubature\ReducedCubatureTraining.cpp">
      <Filter>Source Files</Filter>
    </ClCompile>
    <ClCompile Include="src\cubature\ReducedCubatureTrainingOptimization.cpp">
      <Filter>Source Files</Filter>
    </ClCompile>
    <ClCompile Include="src\DomainDecomposition\computeBFSVolumetricMesh.cpp">
      <Filter>Source Files</Filter>
    </ClCompile>
    <ClCompile Include="src\DomainDecomposition\DomainDecomposition.cpp">
      <Filter>Source Files</Filter>
    </ClCompile>
    <ClCompile Include="src\Functions\solver\BlockwiseSparseJacobiSolver.cpp">
      <Filter>Source Files</Filter>
    </ClCompile>
    <ClCompile Include="src\Functions\solver\jacobi_solver.cc">
      <Filter>Source Files</Filter>
    </ClCompile>
    <ClCompile Include="src\Functions\solver\sparse_matrix.cc">
      <Filter>Source Files</Filter>
    </ClCompile>
    <ClCompile Include="src\Functions\solver\SparseJacobiSolver.cpp">
      <Filter>Source Files</Filter>
    </ClCompile>
    <ClCompile Include="src\Functions\solver\Vector.cc">
      <Filter>Source Files</Filter>
    </ClCompile>
    <ClCompile Include="src\Functions\computeSVDMatrix3d.cpp">
      <Filter>Source Files</Filter>
    </ClCompile>
    <ClCompile Include="src\Functions\computeTriangle.cpp">
      <Filter>Source Files</Filter>
    </ClCompile>
    <ClCompile Include="src\Functions\converCharToVector.cpp">
      <Filter>Source Files</Filter>
    </ClCompile>
    <ClCompile Include="src\Functions\EulerAngelRotationMatrix.cpp">
      <Filter>Source Files</Filter>
    </ClCompile>
    <ClCompile Include="src\Functions\GeoMatrix.cpp">
      <Filter>Source Files</Filter>
    </ClCompile>
    <ClCompile Include="src\Functions\LagrangeBasis.cpp">
      <Filter>Source Files</Filter>
    </ClCompile>
    <ClCompile Include="src\Functions\MaterialOperation.cpp">
      <Filter>Source Files</Filter>
    </ClCompile>
    <ClCompile Include="src\Functions\matrixNormalizeVector.cpp">
      <Filter>Source Files</Filter>
    </ClCompile>
    <ClCompile Include="src\Functions\matrixPCA.cpp">
      <Filter>Source Files</Filter>
    </ClCompile>
    <ClCompile Include="src\Functions\Quadrature.cpp">
      <Filter>Source Files</Filter>
    </ClCompile>
    <ClCompile Include="src\Functions\SkewMatrix.cpp">
      <Filter>Source Files</Filter>
    </ClCompile>
    <ClCompile Include="src\Functions\SparseMatrixAddConstrain.cpp">
      <Filter>Source Files</Filter>
    </ClCompile>
    <ClCompile Include="src\Functions\VectorOperation.cpp">
      <Filter>Source Files</Filter>
    </ClCompile>
    <ClCompile Include="src\HTK\esig_asc.c">
      <Filter>Source Files</Filter>
    </ClCompile>
    <ClCompile Include="src\HTK\esig_edr.c">
      <Filter>Source Files</Filter>
    </ClCompile>
    <ClCompile Include="src\HTK\esig_nat.c">
      <Filter>Source Files</Filter>
    </ClCompile>
    <ClCompile Include="src\HTK\esignal.c">
      <Filter>Source Files</Filter>
    </ClCompile>
    <ClCompile Include="src\HTK\HAdapt.c">
      <Filter>Source Files</Filter>
    </ClCompile>
    <ClCompile Include="src\HTK\HArc.c">
      <Filter>Source Files</Filter>
    </ClCompile>
    <ClCompile Include="src\HTK\HAudio.c">
      <Filter>Source Files</Filter>
    </ClCompile>
    <ClCompile Include="src\HTK\HDict.c">
      <Filter>Source Files</Filter>
    </ClCompile>
    <ClCompile Include="src\HTK\HExactMPE.c">
      <Filter>Source Files</Filter>
    </ClCompile>
    <ClCompile Include="src\HTK\HFB.c">
      <Filter>Source Files</Filter>
    </ClCompile>
    <ClCompile Include="src\HTK\HFBLat.c">
      <Filter>Source Files</Filter>
    </ClCompile>
    <ClCompile Include="src\HTK\HLabel.c">
      <Filter>Source Files</Filter>
    </ClCompile>
    <ClCompile Include="src\HTK\HLat.c">
      <Filter>Source Files</Filter>
    </ClCompile>
    <ClCompile Include="src\HTK\HLM.c">
      <Filter>Source Files</Filter>
    </ClCompile>
    <ClCompile Include="src\HTK\HMap.c">
      <Filter>Source Files</Filter>
    </ClCompile>
    <ClCompile Include="src\HTK\HMath.c">
      <Filter>Source Files</Filter>
    </ClCompile>
    <ClCompile Include="src\HTK\HMem.c">
      <Filter>Source Files</Filter>
    </ClCompile>
    <ClCompile Include="src\HTK\HModel.c">
      <Filter>Source Files</Filter>
    </ClCompile>
    <ClCompile Include="src\HTK\HNet.c">
      <Filter>Source Files</Filter>
    </ClCompile>
    <ClCompile Include="src\HTK\HParm.c">
      <Filter>Source Files</Filter>
    </ClCompile>
    <ClCompile Include="src\HTK\HRec.c">
      <Filter>Source Files</Filter>
    </ClCompile>
    <ClCompile Include="src\HTK\HShell.c">
      <Filter>Source Files</Filter>
    </ClCompile>
    <ClCompile Include="src\HTK\HSigP.c">
      <Filter>Source Files</Filter>
    </ClCompile>
    <ClCompile Include="src\HTK\HTrain.c">
      <Filter>Source Files</Filter>
    </ClCompile>
    <ClCompile Include="src\HTK\HUtil.c">
      <Filter>Source Files</Filter>
    </ClCompile>
    <ClCompile Include="src\HTK\HVQ.c">
      <Filter>Source Files</Filter>
    </ClCompile>
    <ClCompile Include="src\HTK\HWave.c">
      <Filter>Source Files</Filter>
    </ClCompile>
    <ClCompile Include="src\HTK\strarr.c">
      <Filter>Source Files</Filter>
    </ClCompile>
    <ClCompile Include="src\HTKInterface\WavMFCC.cpp">
      <Filter>Source Files</Filter>
    </ClCompile>
    <ClCompile Include="src\Integrator\DenseIntegratorBase.cpp">
      <Filter>Source Files</Filter>
    </ClCompile>
    <ClCompile Include="src\Integrator\ImpicitNewMarkDenseIntegrator.cpp">
      <Filter>Source Files</Filter>
    </ClCompile>
    <ClCompile Include="src\Integrator\ImplicitBackwardEulerSparseIntegrator.cpp">
      <Filter>Source Files</Filter>
    </ClCompile>
    <ClCompile Include="src\Integrator\ImplicitNewMatkSparseIntegrator.cpp">
      <Filter>Source Files</Filter>
    </ClCompile>
    <ClCompile Include="src\Integrator\ImplicitNMDenseModifiedIntegrator.cpp">
      <Filter>Source Files</Filter>
    </ClCompile>
    <ClCompile Include="src\Integrator\LoboIntegrator.cpp">
      <Filter>Source Files</Filter>
    </ClCompile>
    <ClCompile Include="src\Integrator\SparseIntegratorBase.cpp">
      <Filter>Source Files</Filter>
    </ClCompile>
    <ClCompile Include="src\LoboNeuralNetwork\Layer\ActivationLayer.cpp">
      <Filter>Source Files</Filter>
    </ClCompile>
    <ClCompile Include="src\LoboNeuralNetwork\Layer\BatchNormlizeLayer.cpp">
      <Filter>Source Files</Filter>
    </ClCompile>
    <ClCompile Include="src\LoboNeuralNetwork\Layer\FullConnectLayer.cpp">
      <Filter>Source Files</Filter>
    </ClCompile>
    <ClCompile Include="src\LoboNeuralNetwork\Layer\LoboNeuralLayer.cpp">
      <Filter>Source Files</Filter>
    </ClCompile>
    <ClCompile Include="src\LoboNeuralNetwork\LoboNeuralNetwork.cpp">
      <Filter>Source Files</Filter>
    </ClCompile>
    <ClCompile Include="src\LoboTriMesh\LoboTriMesh.cpp">
      <Filter>Source Files</Filter>
    </ClCompile>
    <ClCompile Include="src\LoboTriMesh\TinyObjMeshControl.cpp">
      <Filter>Source Files</Filter>
    </ClCompile>
    <ClCompile Include="src\LoboVolumetricMesh\Graph\LoboVolumetricMeshGraph.cpp">
      <Filter>Source Files</Filter>
    </ClCompile>
    <ClCompile Include="src\LoboVolumetricMesh\CubeElement.cpp">
      <Filter>Source Files</Filter>
    </ClCompile>
    <ClCompile Include="src\LoboVolumetricMesh\CubeNodeMap.cpp">
      <Filter>Source Files</Filter>
    </ClCompile>
    <ClCompile Include="src\LoboVolumetricMesh\CubeVolumtricMesh.cpp">
      <Filter>Source Files</Filter>
    </ClCompile>
    <ClCompile Include="src\LoboVolumetricMesh\ENuMaterial.cpp">
      <Filter>Source Files</Filter>
    </ClCompile>
    <ClCompile Include="src\LoboVolumetricMesh\LoboElement.cpp">
      <Filter>Source Files</Filter>
    </ClCompile>
    <ClCompile Include="src\LoboVolumetricMesh\LoboNodeBase.cpp">
      <Filter>Source Files</Filter>
    </ClCompile>
    <ClCompile Include="src\LoboVolumetricMesh\LoboVolumetricMesh.cpp">
      <Filter>Source Files</Filter>
    </ClCompile>
    <ClCompile Include="src\LoboVolumetricMesh\LoboVolumetricMeshObjAdapter.cpp">
      <Filter>Source Files</Filter>
    </ClCompile>
    <ClCompile Include="src\LoboVolumetricMesh\LoboVolumetricMeshTriMeshAdapter.cpp">
      <Filter>Source Files</Filter>
    </ClCompile>
    <ClCompile Include="src\LoboVolumetricMesh\TetElement.cpp">
      <Filter>Source Files</Filter>
    </ClCompile>
    <ClCompile Include="src\LoboVolumetricMesh\TetVolumetricMesh.cpp">
      <Filter>Source Files</Filter>
    </ClCompile>
    <ClCompile Include="src\ObjLoader\tiny_obj_loader.cc">
      <Filter>Source Files</Filter>
    </ClCompile>
    <ClCompile Include="src\PointClouds\PointsCloud.cpp">
      <Filter>Source Files</Filter>
    </ClCompile>
    <ClCompile Include="src\Reduced\Modalderivtives\SubspaceModalDerivativesModule.cpp">
      <Filter>Source Files</Filter>
    </ClCompile>
    <ClCompile Include="src\Reduced\SubspaceModule\SubspaceModuleBase.cpp">
      <Filter>Source Files</Filter>
    </ClCompile>
    <ClCompile Include="src\Reduced\SubspaceModesCreator.cpp">
      <Filter>Source Files</Filter>
    </ClCompile>
    <ClCompile Include="src\Render\LoboObjMesh.cpp">
      <Filter>Source Files</Filter>
    </ClCompile>
    <ClCompile Include="src\Render\MouseProjection.cpp">
      <Filter>Source Files</Filter>
    </ClCompile>
    <ClCompile Include="src\Simulator\ForceModel\IsotropicHyperlasticForceModel.cpp">
      <Filter>Source Files</Filter>
    </ClCompile>
    <ClCompile Include="src\Simulator\ForceModel\LinearSTVKForceModel.cpp">
      <Filter>Source Files</Filter>
    </ClCompile>
    <ClCompile Include="src\Simulator\ForceModel\LoboForceModel.cpp">
      <Filter>Source Files</Filter>
    </ClCompile>
    <ClCompile Include="src\Simulator\ForceModel\LoboReducedForceModel.cpp">
      <Filter>Source Files</Filter>
    </ClCompile>
    <ClCompile Include="src\Simulator\ForceModel\STVKForceModel.cpp">
      <Filter>Source Files</Filter>
    </ClCompile>
    <ClCompile Include="src\Simulator\IsotropicHyperelasticFEM\isotropicHyperelasticModel.cpp">
      <Filter>Source Files</Filter>
    </ClCompile>
    <ClCompile Include="src\Simulator\IsotropicHyperelasticFEM\LoboIsotropicHyperelasticWithCompressionResistance.cpp">
      <Filter>Source Files</Filter>
    </ClCompile>
    <ClCompile Include="src\Simulator\IsotropicHyperelasticFEM\LoboIsotropicMaterial.cpp">
      <Filter>Source Files</Filter>
    </ClCompile>
    <ClCompile Include="src\Simulator\IsotropicHyperelasticFEM\LoboneoHookeanIsotropicMaterial.cpp">
      <Filter>Source Files</Filter>
    </ClCompile>
    <ClCompile Include="src\Simulator\IsotropicHyperelasticFEM\LoboStVKIsotropicMaterial.cpp">
      <Filter>Source Files</Filter>
    </ClCompile>
    <ClCompile Include="src\Simulator\ReducedForceModel\ReducedForceModel.cpp">
      <Filter>Source Files</Filter>
    </ClCompile>
    <ClCompile Include="src\Simulator\ReducedForceModel\ReducedSTVKForceModel.cpp">
      <Filter>Source Files</Filter>
    </ClCompile>
    <ClCompile Include="src\Simulator\ReducedForceModel\ReducedSubspaceForceModel.cpp">
      <Filter>Source Files</Filter>
    </ClCompile>
    <ClCompile Include="src\Simulator\ReducedSTVK\ReducedModesCoefficients.cpp">
      <Filter>Source Files</Filter>
    </ClCompile>
    <ClCompile Include="src\Simulator\ReducedSTVK\ReducedSTVKModel.cpp">
      <Filter>Source Files</Filter>
    </ClCompile>
    <ClCompile Include="src\Simulator\ReducedSTVK\ReducedSTVKModelCubature.cpp">
      <Filter>Source Files</Filter>
    </ClCompile>
    <ClCompile Include="src\Simulator\ReducedSubspaceModel\ReducedSubspaceModel.cpp">
      <Filter>Source Files</Filter>
    </ClCompile>
    <ClCompile Include="src\Simulator\simulatorBase\LoboSimpleSimulator.cpp">
      <Filter>Source Files</Filter>
    </ClCompile>
    <ClCompile Include="src\Simulator\simulatorBase\LoboSimulatorBase.cpp">
      <Filter>Source Files</Filter>
    </ClCompile>
    <ClCompile Include="src\Simulator\STVK\InvertibleSTVKModel.cpp">
      <Filter>Source Files</Filter>
    </ClCompile>
    <ClCompile Include="src\Simulator\STVK\STVKModel.cpp">
      <Filter>Source Files</Filter>
    </ClCompile>
    <ClCompile Include="src\Simulator\STVK\STVKModelElementMatrix.cpp">
      <Filter>Source Files</Filter>
    </ClCompile>
    <ClCompile Include="src\Simulator\TongueSimulator\HyperelasticTongueSimulator.cpp">
      <Filter>Source Files</Filter>
    </ClCompile>
    <ClCompile Include="src\Simulator\TongueSimulator\TongueModel.cpp">
      <Filter>Source Files</Filter>
    </ClCompile>
    <ClCompile Include="src\Simulator\TongueSimulator\WaveTongueMode.cpp">
      <Filter>Source Files</Filter>
    </ClCompile>
    <ClCompile Include="src\Simulator\ARPACKSolver.cpp">
      <Filter>Source Files</Filter>
    </ClCompile>
    <ClCompile Include="src\SparseMatrix\SparseMatrixRemoveRows.cpp">
      <Filter>Source Files</Filter>
    </ClCompile>
    <ClCompile Include="src\SparseMatrix\SparseMatrixTopology.cpp">
      <Filter>Source Files</Filter>
    </ClCompile>
    <ClCompile Include="src\LoboFunctions.cpp">
      <Filter>Source Files</Filter>
    </ClCompile>
    <ClCompile Include="src\Vega\libraries\minivector\eig3.cpp">
      <Filter>Source Files</Filter>
    </ClCompile>
    <ClCompile Include="src\Vega\libraries\minivector\mat3d.cpp">
      <Filter>Source Files</Filter>
    </ClCompile>
    <ClCompile Include="src\Vega\libraries\minivector\vec2d.cpp">
      <Filter>Source Files</Filter>
    </ClCompile>
    <ClCompile Include="src\Vega\libraries\minivector\vec3d.cpp">
      <Filter>Source Files</Filter>
    </ClCompile>
    <ClCompile Include="src\Vega\libraries\polarDecomposition\polarDecomposition.cpp">
      <Filter>Source Files</Filter>
    </ClCompile>
    <ClCompile Include="src\Vega\libraries\polarDecomposition\polarDecompositionGradient.cpp">
      <Filter>Source Files</Filter>
    </ClCompile>
    <ClCompile Include="src\Vega\libraries\matrixIO\matrixIO.cpp">
      <Filter>Source Files</Filter>
    </ClCompile>
    <ClCompile Include="src\Vega\libraries\matrixIO\multiMatrixIO.cpp">
      <Filter>Source Files</Filter>
    </ClCompile>
    <ClCompile Include="src\Simulator\collision\CollisionDetector.cpp">
      <Filter>Source Files</Filter>
    </ClCompile>
    <ClCompile Include="src\Simulator\collision\CollisionHandle.cpp">
      <Filter>Source Files</Filter>
    </ClCompile>
    <ClCompile Include="src\Simulator\collision\CollisionWorld.cpp">
      <Filter>Source Files</Filter>
    </ClCompile>
    <ClCompile Include="src\Simulator\collision\TriMeshCollisionDetector.cpp">
      <Filter>Source Files</Filter>
    </ClCompile>
    <ClCompile Include="src\Simulator\PoseDataSet\PoseDataSet.cpp">
      <Filter>Source Files</Filter>
    </ClCompile>
    <ClCompile Include="src\Simulator\PoseDataSet\ReducedPoseDataSet.cpp">
      <Filter>Source Files</Filter>
    </ClCompile>
    <ClCompile Include="src\Simulator\ExternalForceGenerator\ExternalForceGenerator.cpp">
      <Filter>Source Files</Filter>
    </ClCompile>
  </ItemGroup>
  <ItemGroup>
    <QtMoc Include="TongueQT.h">
      <Filter>Header Files</Filter>
    </QtMoc>
  </ItemGroup>
  <ItemGroup>
    <QtUic Include="TongueQT.ui">
      <Filter>Form Files</Filter>
    </QtUic>
  </ItemGroup>
  <ItemGroup>
    <QtRcc Include="TongueQT.qrc">
      <Filter>Resource Files</Filter>
    </QtRcc>
  </ItemGroup>
  <ItemGroup>
    <ClInclude Include="src\ColorTable\Colortable.h">
      <Filter>Header Files</Filter>
    </ClInclude>
    <ClInclude Include="src\cubature\cubatureCore.h">
      <Filter>Header Files</Filter>
    </ClInclude>
    <ClInclude Include="src\cubature\CubatureDataSet.h">
      <Filter>Header Files</Filter>
    </ClInclude>
    <ClInclude Include="src\cubature\CubatureDomainPartition.h">
      <Filter>Header Files</Filter>
    </ClInclude>
    <ClInclude Include="src\cubature\CubatureModel.h">
      <Filter>Header Files</Filter>
    </ClInclude>
    <ClInclude Include="src\cubature\CubatureOnePartition.h">
      <Filter>Header Files</Filter>
    </ClInclude>
    <ClInclude Include="src\cubature\CubaturePartition.h">
      <Filter>Header Files</Filter>
    </ClInclude>
    <ClInclude Include="src\cubature\CubatureTraining.h">
      <Filter>Header Files</Filter>
    </ClInclude>
    <ClInclude Include="src\cubature\ReducedCubatureDataSet.h">
      <Filter>Header Files</Filter>
    </ClInclude>
    <ClInclude Include="src\cubature\ReducedCubatureTraining.h">
      <Filter>Header Files</Filter>
    </ClInclude>
    <ClInclude Include="src\cubature\ReducedCubatureTrainingOptimization.h">
      <Filter>Header Files</Filter>
    </ClInclude>
    <ClInclude Include="src\DomainDecomposition\computeBFSVolumetricMesh.h">
      <Filter>Header Files</Filter>
    </ClInclude>
    <ClInclude Include="src\DomainDecomposition\DomainDecomposition.h">
      <Filter>Header Files</Filter>
    </ClInclude>
    <ClInclude Include="src\EigenMatrixIO\EigenMatrixIO.h">
      <Filter>Header Files</Filter>
    </ClInclude>
    <ClInclude Include="src\Functions\solver\BlockwiseSparseJacobiSolver.h">
      <Filter>Header Files</Filter>
    </ClInclude>
    <ClInclude Include="src\Functions\solver\jacobi_solver.h">
      <Filter>Header Files</Filter>
    </ClInclude>
    <ClInclude Include="src\Functions\solver\math_functions.h">
      <Filter>Header Files</Filter>
    </ClInclude>
    <ClInclude Include="src\Functions\solver\sparse_matrix.h">
      <Filter>Header Files</Filter>
    </ClInclude>
    <ClInclude Include="src\Functions\solver\SparseJacobiSolver.h">
      <Filter>Header Files</Filter>
    </ClInclude>
    <ClInclude Include="src\Functions\solver\Vector.h">
      <Filter>Header Files</Filter>
    </ClInclude>
    <ClInclude Include="src\Functions\computeSVDMatrix3d.h">
      <Filter>Header Files</Filter>
    </ClInclude>
    <ClInclude Include="src\Functions\computeTriangle.h">
      <Filter>Header Files</Filter>
    </ClInclude>
    <ClInclude Include="src\Functions\converCharToVector.h">
      <Filter>Header Files</Filter>
    </ClInclude>
    <ClInclude Include="src\Functions\deleteSTDvector.h">
      <Filter>Header Files</Filter>
    </ClInclude>
    <ClInclude Include="src\Functions\EulerAngelRotationMatrix.h">
      <Filter>Header Files</Filter>
    </ClInclude>
    <ClInclude Include="src\Functions\findElementInVector.h">
      <Filter>Header Files</Filter>
    </ClInclude>
    <ClInclude Include="src\Functions\GeoMatrix.h">
      <Filter>Header Files</Filter>
    </ClInclude>
    <ClInclude Include="src\Functions\LagrangeBasis.h">
      <Filter>Header Files</Filter>
    </ClInclude>
    <ClInclude Include="src\Functions\LoboDefine.h">
      <Filter>Header Files</Filter>
    </ClInclude>
    <ClInclude Include="src\Functions\MaterialOperation.h">
      <Filter>Header Files</Filter>
    </ClInclude>
    <ClInclude Include="src\Functions\matrixNormalizeVector.h">
      <Filter>Header Files</Filter>
    </ClInclude>
    <ClInclude Include="src\Functions\matrixPCA.h">
      <Filter>Header Files</Filter>
    </ClInclude>
    <ClInclude Include="src\Functions\PolarDecomposition.h">
      <Filter>Header Files</Filter>
    </ClInclude>
    <ClInclude Include="src\Functions\Quadrature.h">
      <Filter>Header Files</Filter>
    </ClInclude>
    <ClInclude Include="src\Functions\SampleSphereVector.h">
      <Filter>Header Files</Filter>
    </ClInclude>
    <ClInclude Include="src\Functions\SkewMatrix.h">
      <Filter>Header Files</Filter>
    </ClInclude>
    <ClInclude Include="src\Functions\sortSTDElement.h">
      <Filter>Header Files</Filter>
    </ClInclude>
    <ClInclude Include="src\Functions\SparseMatrixAddConstrain.h">
      <Filter>Header Files</Filter>
    </ClInclude>
    <ClInclude Include="src\Functions\spline.h">
      <Filter>Header Files</Filter>
    </ClInclude>
    <ClInclude Include="src\Functions\VectorOperation.h">
      <Filter>Header Files</Filter>
    </ClInclude>
    <ClInclude Include="src\HTK\esignal.h">
      <Filter>Header Files</Filter>
    </ClInclude>
    <ClInclude Include="src\HTK\HAdapt.h">
      <Filter>Header Files</Filter>
    </ClInclude>
    <ClInclude Include="src\HTK\HArc.h">
      <Filter>Header Files</Filter>
    </ClInclude>
    <ClInclude Include="src\HTK\HAudio.h">
      <Filter>Header Files</Filter>
    </ClInclude>
    <ClInclude Include="src\HTK\HDict.h">
      <Filter>Header Files</Filter>
    </ClInclude>
    <ClInclude Include="src\HTK\HExactMPE.h">
      <Filter>Header Files</Filter>
    </ClInclude>
    <ClInclude Include="src\HTK\HFB.h">
      <Filter>Header Files</Filter>
    </ClInclude>
    <ClInclude Include="src\HTK\HFBLat.h">
      <Filter>Header Files</Filter>
    </ClInclude>
    <ClInclude Include="src\HTK\HLabel.h">
      <Filter>Header Files</Filter>
    </ClInclude>
    <ClInclude Include="src\HTK\HLat.h">
      <Filter>Header Files</Filter>
    </ClInclude>
    <ClInclude Include="src\HTK\HLM.h">
      <Filter>Header Files</Filter>
    </ClInclude>
    <ClInclude Include="src\HTK\HMap.h">
      <Filter>Header Files</Filter>
    </ClInclude>
    <ClInclude Include="src\HTK\HMath.h">
      <Filter>Header Files</Filter>
    </ClInclude>
    <ClInclude Include="src\HTK\HMem.h">
      <Filter>Header Files</Filter>
    </ClInclude>
    <ClInclude Include="src\HTK\HModel.h">
      <Filter>Header Files</Filter>
    </ClInclude>
    <ClInclude Include="src\HTK\HNet.h">
      <Filter>Header Files</Filter>
    </ClInclude>
    <ClInclude Include="src\HTK\HParm.h">
      <Filter>Header Files</Filter>
    </ClInclude>
    <ClInclude Include="src\HTK\HRec.h">
      <Filter>Header Files</Filter>
    </ClInclude>
    <ClInclude Include="src\HTK\HShell.h">
      <Filter>Header Files</Filter>
    </ClInclude>
    <ClInclude Include="src\HTK\HSigP.h">
      <Filter>Header Files</Filter>
    </ClInclude>
    <ClInclude Include="src\HTK\HTrain.h">
      <Filter>Header Files</Filter>
    </ClInclude>
    <ClInclude Include="src\HTK\HUtil.h">
      <Filter>Header Files</Filter>
    </ClInclude>
    <ClInclude Include="src\HTK\HVQ.h">
      <Filter>Header Files</Filter>
    </ClInclude>
    <ClInclude Include="src\HTK\HWave.h">
      <Filter>Header Files</Filter>
    </ClInclude>
    <ClInclude Include="src\HTK\strarr.h">
      <Filter>Header Files</Filter>
    </ClInclude>
    <ClInclude Include="src\HTKInterface\WavMFCC.h">
      <Filter>Header Files</Filter>
    </ClInclude>
    <ClInclude Include="src\Integrator\DenseIntegratorBase.h">
      <Filter>Header Files</Filter>
    </ClInclude>
    <ClInclude Include="src\Integrator\ImpicitNewMarkDenseIntegrator.h">
      <Filter>Header Files</Filter>
    </ClInclude>
    <ClInclude Include="src\Integrator\ImplicitBackwardEulerSparseIntegrator.h">
      <Filter>Header Files</Filter>
    </ClInclude>
    <ClInclude Include="src\Integrator\ImplicitNewMatkSparseIntegrator.h">
      <Filter>Header Files</Filter>
    </ClInclude>
    <ClInclude Include="src\Integrator\ImplicitNMDenseModifiedIntegrator.h">
      <Filter>Header Files</Filter>
    </ClInclude>
    <ClInclude Include="src\Integrator\LoboIntegrator.h">
      <Filter>Header Files</Filter>
    </ClInclude>
    <ClInclude Include="src\Integrator\SparseIntegratorBase.h">
      <Filter>Header Files</Filter>
    </ClInclude>
    <ClInclude Include="src\LoboNeuralNetwork\Layer\ActivationLayer.h">
      <Filter>Header Files</Filter>
    </ClInclude>
    <ClInclude Include="src\LoboNeuralNetwork\Layer\BatchNormlizeLayer.h">
      <Filter>Header Files</Filter>
    </ClInclude>
    <ClInclude Include="src\LoboNeuralNetwork\Layer\FullConnectLayer.h">
      <Filter>Header Files</Filter>
    </ClInclude>
    <ClInclude Include="src\LoboNeuralNetwork\Layer\LoboLayersCore.h">
      <Filter>Header Files</Filter>
    </ClInclude>
    <ClInclude Include="src\LoboNeuralNetwork\Layer\LoboNeuralLayer.h">
      <Filter>Header Files</Filter>
    </ClInclude>
    <ClInclude Include="src\LoboNeuralNetwork\LoboNeuralNetwork.h">
      <Filter>Header Files</Filter>
    </ClInclude>
    <ClInclude Include="src\LoboTriMesh\LoboTriMesh.h">
      <Filter>Header Files</Filter>
    </ClInclude>
    <ClInclude Include="src\LoboTriMesh\LoboTriMeshH.h">
      <Filter>Header Files</Filter>
    </ClInclude>
    <ClInclude Include="src\LoboTriMesh\TinyObjMeshControl.h">
      <Filter>Header Files</Filter>
    </ClInclude>
    <ClInclude Include="src\LoboVolumetricMesh\Graph\LoboVolumetricMeshGraph.h">
      <Filter>Header Files</Filter>
    </ClInclude>
    <ClInclude Include="src\LoboVolumetricMesh\CubeElement.h">
      <Filter>Header Files</Filter>
    </ClInclude>
    <ClInclude Include="src\LoboVolumetricMesh\CubeNodeMap.h">
      <Filter>Header Files</Filter>
    </ClInclude>
    <ClInclude Include="src\LoboVolumetricMesh\CubeVolumtricMesh.h">
      <Filter>Header Files</Filter>
    </ClInclude>
    <ClInclude Include="src\LoboVolumetricMesh\ENuMaterial.h">
      <Filter>Header Files</Filter>
    </ClInclude>
    <ClInclude Include="src\LoboVolumetricMesh\LoboElement.h">
      <Filter>Header Files</Filter>
    </ClInclude>
    <ClInclude Include="src\LoboVolumetricMesh\LoboNodeBase.h">
      <Filter>Header Files</Filter>
    </ClInclude>
    <ClInclude Include="src\LoboVolumetricMesh\LoboVolumetriceMeshCore.h">
      <Filter>Header Files</Filter>
    </ClInclude>
    <ClInclude Include="src\LoboVolumetricMesh\LoboVolumetricMesh.h">
      <Filter>Header Files</Filter>
    </ClInclude>
    <ClInclude Include="src\LoboVolumetricMesh\LoboVolumetricMeshObjAdapter.h">
      <Filter>Header Files</Filter>
    </ClInclude>
    <ClInclude Include="src\LoboVolumetricMesh\LoboVolumetricMeshTriMeshAdapter.h">
      <Filter>Header Files</Filter>
    </ClInclude>
    <ClInclude Include="src\LoboVolumetricMesh\TetElement.h">
      <Filter>Header Files</Filter>
    </ClInclude>
    <ClInclude Include="src\LoboVolumetricMesh\TetVolumetricMesh.h">
      <Filter>Header Files</Filter>
    </ClInclude>
    <ClInclude Include="src\ObjLoader\tiny_obj_loader.h">
      <Filter>Header Files</Filter>
    </ClInclude>
    <ClInclude Include="src\PointClouds\PointsCloud.h">
      <Filter>Header Files</Filter>
    </ClInclude>
    <ClInclude Include="src\Reduced\Modalderivtives\SubspaceModalDerivativesModule.h">
      <Filter>Header Files</Filter>
    </ClInclude>
    <ClInclude Include="src\Reduced\SubspaceModule\SubspaceModuleBase.h">
      <Filter>Header Files</Filter>
    </ClInclude>
    <ClInclude Include="src\Reduced\SubspaceModesCreator.h">
      <Filter>Header Files</Filter>
    </ClInclude>
    <ClInclude Include="src\Render\LoboObjMesh.h">
      <Filter>Header Files</Filter>
    </ClInclude>
    <ClInclude Include="src\Render\MouseProjection.h">
      <Filter>Header Files</Filter>
    </ClInclude>
    <ClInclude Include="src\Simulator\ForceModel\IsotropicHyperlasticForceModel.h">
      <Filter>Header Files</Filter>
    </ClInclude>
    <ClInclude Include="src\Simulator\ForceModel\LinearSTVKForceModel.h">
      <Filter>Header Files</Filter>
    </ClInclude>
    <ClInclude Include="src\Simulator\ForceModel\LoboForceModel.h">
      <Filter>Header Files</Filter>
    </ClInclude>
    <ClInclude Include="src\Simulator\ForceModel\LoboReducedForceModel.h">
      <Filter>Header Files</Filter>
    </ClInclude>
    <ClInclude Include="src\Simulator\ForceModel\STVKForceModel.h">
      <Filter>Header Files</Filter>
    </ClInclude>
    <ClInclude Include="src\Simulator\IsotropicHyperelasticFEM\isotropicHyperelasticCore.h">
      <Filter>Header Files</Filter>
    </ClInclude>
    <ClInclude Include="src\Simulator\IsotropicHyperelasticFEM\isotropicHyperelasticModel.h">
      <Filter>Header Files</Filter>
    </ClInclude>
    <ClInclude Include="src\Simulator\IsotropicHyperelasticFEM\LoboIsotropicHyperelasticWithCompressionResistance.h">
      <Filter>Header Files</Filter>
    </ClInclude>
    <ClInclude Include="src\Simulator\IsotropicHyperelasticFEM\LoboIsotropicMaterial.h">
      <Filter>Header Files</Filter>
    </ClInclude>
    <ClInclude Include="src\Simulator\IsotropicHyperelasticFEM\LoboneoHookeanIsotropicMaterial.h">
      <Filter>Header Files</Filter>
    </ClInclude>
    <ClInclude Include="src\Simulator\IsotropicHyperelasticFEM\LoboStVKIsotropicMaterial.h">
      <Filter>Header Files</Filter>
    </ClInclude>
    <ClInclude Include="src\Simulator\ReducedForceModel\ReducedForceModel.h">
      <Filter>Header Files</Filter>
    </ClInclude>
    <ClInclude Include="src\Simulator\ReducedForceModel\ReducedSTVKForceModel.h">
      <Filter>Header Files</Filter>
    </ClInclude>
    <ClInclude Include="src\Simulator\ReducedForceModel\ReducedSubspaceForceModel.h">
      <Filter>Header Files</Filter>
    </ClInclude>
    <ClInclude Include="src\Simulator\ReducedSTVK\ReducedModesCoefficients.h">
      <Filter>Header Files</Filter>
    </ClInclude>
    <ClInclude Include="src\Simulator\ReducedSTVK\ReducedSTVKModel.h">
      <Filter>Header Files</Filter>
    </ClInclude>
    <ClInclude Include="src\Simulator\ReducedSTVK\ReducedSTVKModelCubature.h">
      <Filter>Header Files</Filter>
    </ClInclude>
    <ClInclude Include="src\Simulator\ReducedSubspaceModel\ReducedSubspaceModel.h">
      <Filter>Header Files</Filter>
    </ClInclude>
    <ClInclude Include="src\Simulator\simulatorBase\LoboSimpleSimulator.h">
      <Filter>Header Files</Filter>
    </ClInclude>
    <ClInclude Include="src\Simulator\simulatorBase\LoboSimulatorBase.h">
      <Filter>Header Files</Filter>
    </ClInclude>
    <ClInclude Include="src\Simulator\STVK\InvertibleSTVKModel.h">
      <Filter>Header Files</Filter>
    </ClInclude>
    <ClInclude Include="src\Simulator\STVK\STVKModel.h">
      <Filter>Header Files</Filter>
    </ClInclude>
    <ClInclude Include="src\Simulator\STVK\STVKModelElementMatrix.h">
      <Filter>Header Files</Filter>
    </ClInclude>
    <ClInclude Include="src\Simulator\TongueSimulator\HyperelasticTongueSimulator.h">
      <Filter>Header Files</Filter>
    </ClInclude>
    <ClInclude Include="src\Simulator\TongueSimulator\TongueModel.h">
      <Filter>Header Files</Filter>
    </ClInclude>
    <ClInclude Include="src\Simulator\TongueSimulator\WaveTongueMode.h">
      <Filter>Header Files</Filter>
    </ClInclude>
    <ClInclude Include="src\Simulator\ARPACKSolver.h">
      <Filter>Header Files</Filter>
    </ClInclude>
    <ClInclude Include="src\SparseMatrix\SparseMatrixGetMaxAbsEntry.h">
      <Filter>Header Files</Filter>
    </ClInclude>
    <ClInclude Include="src\SparseMatrix\SparseMatrixRemoveRows.h">
      <Filter>Header Files</Filter>
    </ClInclude>
    <ClInclude Include="src\SparseMatrix\SparseMatrixTopology.h">
      <Filter>Header Files</Filter>
    </ClInclude>
    <ClInclude Include="GeneratedFiles\ui_TongueQT.h">
      <Filter>Header Files</Filter>
    </ClInclude>
    <ClInclude Include="src\LoboFunctions.h">
      <Filter>Header Files</Filter>
    </ClInclude>
    <ClInclude Include="src\nnls.h">
      <Filter>Header Files</Filter>
    </ClInclude>
    <ClInclude Include="src\Vega\libraries\minivector\eig3.h">
      <Filter>Header Files</Filter>
    </ClInclude>
    <ClInclude Include="src\Vega\libraries\minivector\mat3d.h">
      <Filter>Header Files</Filter>
    </ClInclude>
    <ClInclude Include="src\Vega\libraries\minivector\minivector.h">
      <Filter>Header Files</Filter>
    </ClInclude>
    <ClInclude Include="src\Vega\libraries\minivector\vec2d.h">
      <Filter>Header Files</Filter>
    </ClInclude>
    <ClInclude Include="src\Vega\libraries\minivector\vec3d.h">
      <Filter>Header Files</Filter>
    </ClInclude>
    <ClInclude Include="src\Vega\libraries\polarDecomposition\polarDecomposition.h">
      <Filter>Header Files</Filter>
    </ClInclude>
    <ClInclude Include="src\Vega\libraries\polarDecomposition\polarDecompositionGradient.h">
      <Filter>Header Files</Filter>
    </ClInclude>
    <ClInclude Include="src\Vega\libraries\matrixIO\matrixIO.h">
      <Filter>Header Files</Filter>
    </ClInclude>
    <ClInclude Include="src\Vega\libraries\matrixIO\matrixMacros.h">
      <Filter>Header Files</Filter>
    </ClInclude>
    <ClInclude Include="src\Vega\libraries\matrixIO\multiMatrixIO.h">
      <Filter>Header Files</Filter>
    </ClInclude>
    <ClInclude Include="src\Simulator\collision\CollisionDetector.h">
      <Filter>Header Files</Filter>
    </ClInclude>
    <ClInclude Include="src\Simulator\collision\CollisionHandle.h">
      <Filter>Header Files</Filter>
    </ClInclude>
    <ClInclude Include="src\Simulator\collision\CollisionWorld.h">
      <Filter>Header Files</Filter>
    </ClInclude>
    <ClInclude Include="src\Simulator\collision\TriMeshCollisionDetector.h">
      <Filter>Header Files</Filter>
    </ClInclude>
    <ClInclude Include="src\Simulator\PoseDataSet\PoseDataSet.h">
      <Filter>Header Files</Filter>
    </ClInclude>
    <ClInclude Include="src\Simulator\PoseDataSet\ReducedPoseDataSet.h">
      <Filter>Header Files</Filter>
    </ClInclude>
    <ClInclude Include="src\Simulator\ExternalForceGenerator\ExternalForceGenerator.h">
      <Filter>Header Files</Filter>
    </ClInclude>
  </ItemGroup>
</Project>